
Microsoft Visual Studio Solution File, Format Version 12.00
# Visual Studio Version 17
VisualStudioVersion = 17.9.34701.34
MinimumVisualStudioVersion = 10.0.40219.1
Project("{FAE04EC0-301F-11D3-BF4B-00C04F79EFBC}") = "CapNoveExercicio", "CapNoveExercicio\CapNoveExercicio.csproj", "{CA4B718B-B460-4A67-BBF7-66F4F2FFC9EF}"
EndProject
Global
	GlobalSection(SolutionConfigurationPlatforms) = preSolution
		Debug|Any CPU = Debug|Any CPU
		Release|Any CPU = Release|Any CPU
	EndGlobalSection
	GlobalSection(ProjectConfigurationPlatforms) = postSolution
		{CA4B718B-B460-4A67-BBF7-66F4F2FFC9EF}.Debug|Any CPU.ActiveCfg = Debug|Any CPU
		{CA4B718B-B460-4A67-BBF7-66F4F2FFC9EF}.Debug|Any CPU.Build.0 = Debug|Any CPU
		{CA4B718B-B460-4A67-BBF7-66F4F2FFC9EF}.Release|Any CPU.ActiveCfg = Release|Any CPU
		{CA4B718B-B460-4A67-BBF7-66F4F2FFC9EF}.Release|Any CPU.Build.0 = Release|Any CPU
	EndGlobalSection
	GlobalSection(SolutionProperties) = preSolution
		HideSolutionNode = FALSE
	EndGlobalSection
	GlobalSection(ExtensibilityGlobals) = postSolution
		SolutionGuid = {723331B1-B1A3-480D-88DE-F2C18744BA83}
	EndGlobalSection
EndGlobal
